
Microsoft Visual Studio Solution File, Format Version 12.00
# Visual Studio 14
VisualStudioVersion = 14.0.25420.1
MinimumVisualStudioVersion = 10.0.40219.1
Project("{FAE04EC0-301F-11D3-BF4B-00C04F79EFBC}") = "01.Hello C", "01.Hello C\01.Hello C.csproj", "{74F084DF-2E30-4C9B-8D86-1845A3A2EDA2}"
EndProject
Project("{FAE04EC0-301F-11D3-BF4B-00C04F79EFBC}") = "02. Expression", "02. Expression\02. Expression.csproj", "{873F41FE-A0E1-4304-BB4D-29C9806192F1}"
EndProject
Project("{FAE04EC0-301F-11D3-BF4B-00C04F79EFBC}") = "03. Nums 1...20", "03. Nums 1...20\03. Nums 1...20.csproj", "{C41745BB-F67A-4293-8AFB-5EF7DC8BF856}"
EndProject
Project("{FAE04EC0-301F-11D3-BF4B-00C04F79EFBC}") = "04. Triangle of 55 Stars", "04. Triangle of 55 Stars\04. Triangle of 55 Stars.csproj", "{4990A422-AFF2-4D16-820C-D0C27CC8E48C}"
EndProject
Project("{FAE04EC0-301F-11D3-BF4B-00C04F79EFBC}") = "05. Rectangle Area", "05. Rectangle Area\05. Rectangle Area.csproj", "{2D15C0A8-9C61-4B09-A86C-043352BE316B}"
EndProject
Project("{FAE04EC0-301F-11D3-BF4B-00C04F79EFBC}") = "06. Square of Stars", "06. Square of Stars\06. Square of Stars.csproj", "{216ED8F2-9EA8-44C2-929A-DC4E8E5A92DF}"
EndProject
Project("{FAE04EC0-301F-11D3-BF4B-00C04F79EFBC}") = "07.Sumator1", "07.Sumator1\07.Sumator1.csproj", "{5D485DE5-74CC-4E88-8080-4E5E43852F58}"
EndProject
Global
	GlobalSection(SolutionConfigurationPlatforms) = preSolution
		Debug|Any CPU = Debug|Any CPU
		Release|Any CPU = Release|Any CPU
	EndGlobalSection
	GlobalSection(ProjectConfigurationPlatforms) = postSolution
		{74F084DF-2E30-4C9B-8D86-1845A3A2EDA2}.Debug|Any CPU.ActiveCfg = Debug|Any CPU
		{74F084DF-2E30-4C9B-8D86-1845A3A2EDA2}.Debug|Any CPU.Build.0 = Debug|Any CPU
		{74F084DF-2E30-4C9B-8D86-1845A3A2EDA2}.Release|Any CPU.ActiveCfg = Release|Any CPU
		{74F084DF-2E30-4C9B-8D86-1845A3A2EDA2}.Release|Any CPU.Build.0 = Release|Any CPU
		{873F41FE-A0E1-4304-BB4D-29C9806192F1}.Debug|Any CPU.ActiveCfg = Debug|Any CPU
		{873F41FE-A0E1-4304-BB4D-29C9806192F1}.Debug|Any CPU.Build.0 = Debug|Any CPU
		{873F41FE-A0E1-4304-BB4D-29C9806192F1}.Release|Any CPU.ActiveCfg = Release|Any CPU
		{873F41FE-A0E1-4304-BB4D-29C9806192F1}.Release|Any CPU.Build.0 = Release|Any CPU
		{C41745BB-F67A-4293-8AFB-5EF7DC8BF856}.Debug|Any CPU.ActiveCfg = Debug|Any CPU
		{C41745BB-F67A-4293-8AFB-5EF7DC8BF856}.Debug|Any CPU.Build.0 = Debug|Any CPU
		{C41745BB-F67A-4293-8AFB-5EF7DC8BF856}.Release|Any CPU.ActiveCfg = Release|Any CPU
		{C41745BB-F67A-4293-8AFB-5EF7DC8BF856}.Release|Any CPU.Build.0 = Release|Any CPU
		{4990A422-AFF2-4D16-820C-D0C27CC8E48C}.Debug|Any CPU.ActiveCfg = Debug|Any CPU
		{4990A422-AFF2-4D16-820C-D0C27CC8E48C}.Debug|Any CPU.Build.0 = Debug|Any CPU
		{4990A422-AFF2-4D16-820C-D0C27CC8E48C}.Release|Any CPU.ActiveCfg = Release|Any CPU
		{4990A422-AFF2-4D16-820C-D0C27CC8E48C}.Release|Any CPU.Build.0 = Release|Any CPU
		{2D15C0A8-9C61-4B09-A86C-043352BE316B}.Debug|Any CPU.ActiveCfg = Debug|Any CPU
		{2D15C0A8-9C61-4B09-A86C-043352BE316B}.Debug|Any CPU.Build.0 = Debug|Any CPU
		{2D15C0A8-9C61-4B09-A86C-043352BE316B}.Release|Any CPU.ActiveCfg = Release|Any CPU
		{2D15C0A8-9C61-4B09-A86C-043352BE316B}.Release|Any CPU.Build.0 = Release|Any CPU
		{216ED8F2-9EA8-44C2-929A-DC4E8E5A92DF}.Debug|Any CPU.ActiveCfg = Debug|Any CPU
		{216ED8F2-9EA8-44C2-929A-DC4E8E5A92DF}.Debug|Any CPU.Build.0 = Debug|Any CPU
		{216ED8F2-9EA8-44C2-929A-DC4E8E5A92DF}.Release|Any CPU.ActiveCfg = Release|Any CPU
		{216ED8F2-9EA8-44C2-929A-DC4E8E5A92DF}.Release|Any CPU.Build.0 = Release|Any CPU
		{5D485DE5-74CC-4E88-8080-4E5E43852F58}.Debug|Any CPU.ActiveCfg = Debug|Any CPU
		{5D485DE5-74CC-4E88-8080-4E5E43852F58}.Debug|Any CPU.Build.0 = Debug|Any CPU
		{5D485DE5-74CC-4E88-8080-4E5E43852F58}.Release|Any CPU.ActiveCfg = Release|Any CPU
		{5D485DE5-74CC-4E88-8080-4E5E43852F58}.Release|Any CPU.Build.0 = Release|Any CPU
	EndGlobalSection
	GlobalSection(SolutionProperties) = preSolution
		HideSolutionNode = FALSE
	EndGlobalSection
EndGlobal
