
Microsoft Visual Studio Solution File, Format Version 12.00
# Visual Studio 14
VisualStudioVersion = 14.0.25420.1
MinimumVisualStudioVersion = 10.0.40219.1
Project("{FAE04EC0-301F-11D3-BF4B-00C04F79EFBC}") = "01. Numbers 1...N with Step 3", "01. Numbers 1...N with Step 3\01. Numbers 1...N with Step 3.csproj", "{A3D2D897-F6D4-415C-9B2F-DBE3B7EC3AC8}"
EndProject
Project("{FAE04EC0-301F-11D3-BF4B-00C04F79EFBC}") = "02. Numbers N...1", "02. Numbers N...1\02. Numbers N...1.csproj", "{0FB9CA64-EA78-4956-A465-511F361BA175}"
EndProject
Project("{FAE04EC0-301F-11D3-BF4B-00C04F79EFBC}") = "03. Powers of Two", "03. Powers of Two\03. Powers of Two.csproj", "{CB0F4B2E-F9C9-4597-91BC-22084D4084B9}"
EndProject
Project("{FAE04EC0-301F-11D3-BF4B-00C04F79EFBC}") = "04. Even Powers of 2", "04. Even Powers of 2\04. Even Powers of 2.csproj", "{B043916C-AE24-4C9E-95F0-88A5C40410F0}"
EndProject
Project("{FAE04EC0-301F-11D3-BF4B-00C04F79EFBC}") = "05. Sequence 2k+1", "05. Sequence 2k+1\05. Sequence 2k+1.csproj", "{D8B4FF6A-BC4C-4D1F-95F8-475FAAB67DA3}"
EndProject
Project("{FAE04EC0-301F-11D3-BF4B-00C04F79EFBC}") = "06. Number in Range [1...100]", "06. Number in Range [1...100]\06. Number in Range [1...100].csproj", "{04069796-33C6-42EF-989B-39947CCEC36A}"
EndProject
Project("{FAE04EC0-301F-11D3-BF4B-00C04F79EFBC}") = "07. Greatest Common Divisor (CGD)", "07. Greatest Common Divisor (CGD)\07. Greatest Common Divisor (CGD).csproj", "{9B42206E-6FC5-430E-85C3-3B504BB7FA2F}"
EndProject
Project("{FAE04EC0-301F-11D3-BF4B-00C04F79EFBC}") = "08. Factorial", "08. Factorial\08. Factorial.csproj", "{D45A8BF5-B431-40D2-8432-210C82FC3BDC}"
EndProject
Project("{FAE04EC0-301F-11D3-BF4B-00C04F79EFBC}") = "09. Sum Digits", "09. Sum Digits\09. Sum Digits.csproj", "{F60EFE68-1CF2-424C-91F6-EA487E9E1127}"
EndProject
Project("{FAE04EC0-301F-11D3-BF4B-00C04F79EFBC}") = "10. Check Prime", "10. Check Prime\10. Check Prime.csproj", "{6526D175-D218-42A7-B080-4263A3116145}"
EndProject
Project("{FAE04EC0-301F-11D3-BF4B-00C04F79EFBC}") = "11. Enter Even Number", "11. Enter Even Number\11. Enter Even Number.csproj", "{8A2AE136-AFA6-4990-AAD2-D705E2C68285}"
EndProject
Project("{FAE04EC0-301F-11D3-BF4B-00C04F79EFBC}") = "12. Fibonacci", "12. Fibonacci\12. Fibonacci.csproj", "{3214E38E-8413-469E-856C-3AF3E7359F12}"
EndProject
Project("{FAE04EC0-301F-11D3-BF4B-00C04F79EFBC}") = "13. Number Pyramid", "13. Number Pyramid\13. Number Pyramid.csproj", "{92CEA4DE-5175-448F-9972-18FEC4A3650B}"
EndProject
Project("{FAE04EC0-301F-11D3-BF4B-00C04F79EFBC}") = "14. Number Table", "14. Number Table\14. Number Table.csproj", "{D23E13D2-23A8-48D3-A2B4-0E1A48B06FC3}"
EndProject
Global
	GlobalSection(SolutionConfigurationPlatforms) = preSolution
		Debug|Any CPU = Debug|Any CPU
		Release|Any CPU = Release|Any CPU
	EndGlobalSection
	GlobalSection(ProjectConfigurationPlatforms) = postSolution
		{A3D2D897-F6D4-415C-9B2F-DBE3B7EC3AC8}.Debug|Any CPU.ActiveCfg = Debug|Any CPU
		{A3D2D897-F6D4-415C-9B2F-DBE3B7EC3AC8}.Debug|Any CPU.Build.0 = Debug|Any CPU
		{A3D2D897-F6D4-415C-9B2F-DBE3B7EC3AC8}.Release|Any CPU.ActiveCfg = Release|Any CPU
		{A3D2D897-F6D4-415C-9B2F-DBE3B7EC3AC8}.Release|Any CPU.Build.0 = Release|Any CPU
		{0FB9CA64-EA78-4956-A465-511F361BA175}.Debug|Any CPU.ActiveCfg = Debug|Any CPU
		{0FB9CA64-EA78-4956-A465-511F361BA175}.Debug|Any CPU.Build.0 = Debug|Any CPU
		{0FB9CA64-EA78-4956-A465-511F361BA175}.Release|Any CPU.ActiveCfg = Release|Any CPU
		{0FB9CA64-EA78-4956-A465-511F361BA175}.Release|Any CPU.Build.0 = Release|Any CPU
		{CB0F4B2E-F9C9-4597-91BC-22084D4084B9}.Debug|Any CPU.ActiveCfg = Debug|Any CPU
		{CB0F4B2E-F9C9-4597-91BC-22084D4084B9}.Debug|Any CPU.Build.0 = Debug|Any CPU
		{CB0F4B2E-F9C9-4597-91BC-22084D4084B9}.Release|Any CPU.ActiveCfg = Release|Any CPU
		{CB0F4B2E-F9C9-4597-91BC-22084D4084B9}.Release|Any CPU.Build.0 = Release|Any CPU
		{B043916C-AE24-4C9E-95F0-88A5C40410F0}.Debug|Any CPU.ActiveCfg = Debug|Any CPU
		{B043916C-AE24-4C9E-95F0-88A5C40410F0}.Debug|Any CPU.Build.0 = Debug|Any CPU
		{B043916C-AE24-4C9E-95F0-88A5C40410F0}.Release|Any CPU.ActiveCfg = Release|Any CPU
		{B043916C-AE24-4C9E-95F0-88A5C40410F0}.Release|Any CPU.Build.0 = Release|Any CPU
		{D8B4FF6A-BC4C-4D1F-95F8-475FAAB67DA3}.Debug|Any CPU.ActiveCfg = Debug|Any CPU
		{D8B4FF6A-BC4C-4D1F-95F8-475FAAB67DA3}.Debug|Any CPU.Build.0 = Debug|Any CPU
		{D8B4FF6A-BC4C-4D1F-95F8-475FAAB67DA3}.Release|Any CPU.ActiveCfg = Release|Any CPU
		{D8B4FF6A-BC4C-4D1F-95F8-475FAAB67DA3}.Release|Any CPU.Build.0 = Release|Any CPU
		{04069796-33C6-42EF-989B-39947CCEC36A}.Debug|Any CPU.ActiveCfg = Debug|Any CPU
		{04069796-33C6-42EF-989B-39947CCEC36A}.Debug|Any CPU.Build.0 = Debug|Any CPU
		{04069796-33C6-42EF-989B-39947CCEC36A}.Release|Any CPU.ActiveCfg = Release|Any CPU
		{04069796-33C6-42EF-989B-39947CCEC36A}.Release|Any CPU.Build.0 = Release|Any CPU
		{9B42206E-6FC5-430E-85C3-3B504BB7FA2F}.Debug|Any CPU.ActiveCfg = Debug|Any CPU
		{9B42206E-6FC5-430E-85C3-3B504BB7FA2F}.Debug|Any CPU.Build.0 = Debug|Any CPU
		{9B42206E-6FC5-430E-85C3-3B504BB7FA2F}.Release|Any CPU.ActiveCfg = Release|Any CPU
		{9B42206E-6FC5-430E-85C3-3B504BB7FA2F}.Release|Any CPU.Build.0 = Release|Any CPU
		{D45A8BF5-B431-40D2-8432-210C82FC3BDC}.Debug|Any CPU.ActiveCfg = Debug|Any CPU
		{D45A8BF5-B431-40D2-8432-210C82FC3BDC}.Debug|Any CPU.Build.0 = Debug|Any CPU
		{D45A8BF5-B431-40D2-8432-210C82FC3BDC}.Release|Any CPU.ActiveCfg = Release|Any CPU
		{D45A8BF5-B431-40D2-8432-210C82FC3BDC}.Release|Any CPU.Build.0 = Release|Any CPU
		{F60EFE68-1CF2-424C-91F6-EA487E9E1127}.Debug|Any CPU.ActiveCfg = Debug|Any CPU
		{F60EFE68-1CF2-424C-91F6-EA487E9E1127}.Debug|Any CPU.Build.0 = Debug|Any CPU
		{F60EFE68-1CF2-424C-91F6-EA487E9E1127}.Release|Any CPU.ActiveCfg = Release|Any CPU
		{F60EFE68-1CF2-424C-91F6-EA487E9E1127}.Release|Any CPU.Build.0 = Release|Any CPU
		{6526D175-D218-42A7-B080-4263A3116145}.Debug|Any CPU.ActiveCfg = Debug|Any CPU
		{6526D175-D218-42A7-B080-4263A3116145}.Debug|Any CPU.Build.0 = Debug|Any CPU
		{6526D175-D218-42A7-B080-4263A3116145}.Release|Any CPU.ActiveCfg = Release|Any CPU
		{6526D175-D218-42A7-B080-4263A3116145}.Release|Any CPU.Build.0 = Release|Any CPU
		{8A2AE136-AFA6-4990-AAD2-D705E2C68285}.Debug|Any CPU.ActiveCfg = Debug|Any CPU
		{8A2AE136-AFA6-4990-AAD2-D705E2C68285}.Debug|Any CPU.Build.0 = Debug|Any CPU
		{8A2AE136-AFA6-4990-AAD2-D705E2C68285}.Release|Any CPU.ActiveCfg = Release|Any CPU
		{8A2AE136-AFA6-4990-AAD2-D705E2C68285}.Release|Any CPU.Build.0 = Release|Any CPU
		{3214E38E-8413-469E-856C-3AF3E7359F12}.Debug|Any CPU.ActiveCfg = Debug|Any CPU
		{3214E38E-8413-469E-856C-3AF3E7359F12}.Debug|Any CPU.Build.0 = Debug|Any CPU
		{3214E38E-8413-469E-856C-3AF3E7359F12}.Release|Any CPU.ActiveCfg = Release|Any CPU
		{3214E38E-8413-469E-856C-3AF3E7359F12}.Release|Any CPU.Build.0 = Release|Any CPU
		{92CEA4DE-5175-448F-9972-18FEC4A3650B}.Debug|Any CPU.ActiveCfg = Debug|Any CPU
		{92CEA4DE-5175-448F-9972-18FEC4A3650B}.Debug|Any CPU.Build.0 = Debug|Any CPU
		{92CEA4DE-5175-448F-9972-18FEC4A3650B}.Release|Any CPU.ActiveCfg = Release|Any CPU
		{92CEA4DE-5175-448F-9972-18FEC4A3650B}.Release|Any CPU.Build.0 = Release|Any CPU
		{D23E13D2-23A8-48D3-A2B4-0E1A48B06FC3}.Debug|Any CPU.ActiveCfg = Debug|Any CPU
		{D23E13D2-23A8-48D3-A2B4-0E1A48B06FC3}.Debug|Any CPU.Build.0 = Debug|Any CPU
		{D23E13D2-23A8-48D3-A2B4-0E1A48B06FC3}.Release|Any CPU.ActiveCfg = Release|Any CPU
		{D23E13D2-23A8-48D3-A2B4-0E1A48B06FC3}.Release|Any CPU.Build.0 = Release|Any CPU
	EndGlobalSection
	GlobalSection(SolutionProperties) = preSolution
		HideSolutionNode = FALSE
	EndGlobalSection
EndGlobal
