
Microsoft Visual Studio Solution File, Format Version 12.00
# Visual Studio 14
VisualStudioVersion = 14.0.25420.1
MinimumVisualStudioVersion = 10.0.40219.1
Project("{FAE04EC0-301F-11D3-BF4B-00C04F79EFBC}") = "01.Rectangle of 10 x 10 Stars", "01.Rectangle of 10 x 10 Stars\01.Rectangle of 10 x 10 Stars.csproj", "{26BB06D4-6D98-4B41-99D9-6163C26AED9A}"
EndProject
Project("{FAE04EC0-301F-11D3-BF4B-00C04F79EFBC}") = "02.Rectangle of N x N Stars", "02.Rectangle of N x N Stars\02.Rectangle of N x N Stars.csproj", "{3A9EBFC9-D8D4-4CBB-BCA8-BB40E816C2F7}"
EndProject
Project("{FAE04EC0-301F-11D3-BF4B-00C04F79EFBC}") = "03.Square of Stars", "03.Square of Stars\03.Square of Stars.csproj", "{5A0DBEA8-2119-42CA-836B-1BF75E626DAB}"
EndProject
Project("{FAE04EC0-301F-11D3-BF4B-00C04F79EFBC}") = "04.Triangle of Dollars", "04.Triangle of Dollars\04.Triangle of Dollars.csproj", "{7F3439E9-6F14-4476-ACF5-AF1FAA6D1BBB}"
EndProject
Project("{FAE04EC0-301F-11D3-BF4B-00C04F79EFBC}") = "05.Square Frame", "05.Square Frame\05.Square Frame.csproj", "{9ABDB2F0-E4EB-4D76-BEC7-BE9DE2D42CEC}"
EndProject
Project("{FAE04EC0-301F-11D3-BF4B-00C04F79EFBC}") = "06.Rhombus of Stars", "06.Rhombus of Stars\06.Rhombus of Stars.csproj", "{29DCBA03-5421-4472-83BD-535F9869072C}"
EndProject
Project("{FAE04EC0-301F-11D3-BF4B-00C04F79EFBC}") = "07.Christmas Tree", "07.Christmas Tree\07.Christmas Tree.csproj", "{7C8DA2B1-FE54-4911-BEF4-839CCE2F98DF}"
EndProject
Project("{FAE04EC0-301F-11D3-BF4B-00C04F79EFBC}") = "08.Sunglasses", "08.Sunglasses\08.Sunglasses.csproj", "{EC4FB534-DA8F-4D91-A8AC-9B3B2220BEA9}"
EndProject
Project("{FAE04EC0-301F-11D3-BF4B-00C04F79EFBC}") = "09.House", "09.House\09.House.csproj", "{39E40D74-FA3A-4D31-88AA-AA53670D7136}"
EndProject
Project("{FAE04EC0-301F-11D3-BF4B-00C04F79EFBC}") = "10.Diamond", "10.Diamond\10.Diamond.csproj", "{1E33A8FE-64F6-4FC7-BC4F-089C54D098FB}"
EndProject
Global
	GlobalSection(SolutionConfigurationPlatforms) = preSolution
		Debug|Any CPU = Debug|Any CPU
		Release|Any CPU = Release|Any CPU
	EndGlobalSection
	GlobalSection(ProjectConfigurationPlatforms) = postSolution
		{26BB06D4-6D98-4B41-99D9-6163C26AED9A}.Debug|Any CPU.ActiveCfg = Debug|Any CPU
		{26BB06D4-6D98-4B41-99D9-6163C26AED9A}.Debug|Any CPU.Build.0 = Debug|Any CPU
		{26BB06D4-6D98-4B41-99D9-6163C26AED9A}.Release|Any CPU.ActiveCfg = Release|Any CPU
		{26BB06D4-6D98-4B41-99D9-6163C26AED9A}.Release|Any CPU.Build.0 = Release|Any CPU
		{3A9EBFC9-D8D4-4CBB-BCA8-BB40E816C2F7}.Debug|Any CPU.ActiveCfg = Debug|Any CPU
		{3A9EBFC9-D8D4-4CBB-BCA8-BB40E816C2F7}.Debug|Any CPU.Build.0 = Debug|Any CPU
		{3A9EBFC9-D8D4-4CBB-BCA8-BB40E816C2F7}.Release|Any CPU.ActiveCfg = Release|Any CPU
		{3A9EBFC9-D8D4-4CBB-BCA8-BB40E816C2F7}.Release|Any CPU.Build.0 = Release|Any CPU
		{5A0DBEA8-2119-42CA-836B-1BF75E626DAB}.Debug|Any CPU.ActiveCfg = Debug|Any CPU
		{5A0DBEA8-2119-42CA-836B-1BF75E626DAB}.Debug|Any CPU.Build.0 = Debug|Any CPU
		{5A0DBEA8-2119-42CA-836B-1BF75E626DAB}.Release|Any CPU.ActiveCfg = Release|Any CPU
		{5A0DBEA8-2119-42CA-836B-1BF75E626DAB}.Release|Any CPU.Build.0 = Release|Any CPU
		{7F3439E9-6F14-4476-ACF5-AF1FAA6D1BBB}.Debug|Any CPU.ActiveCfg = Debug|Any CPU
		{7F3439E9-6F14-4476-ACF5-AF1FAA6D1BBB}.Debug|Any CPU.Build.0 = Debug|Any CPU
		{7F3439E9-6F14-4476-ACF5-AF1FAA6D1BBB}.Release|Any CPU.ActiveCfg = Release|Any CPU
		{7F3439E9-6F14-4476-ACF5-AF1FAA6D1BBB}.Release|Any CPU.Build.0 = Release|Any CPU
		{9ABDB2F0-E4EB-4D76-BEC7-BE9DE2D42CEC}.Debug|Any CPU.ActiveCfg = Debug|Any CPU
		{9ABDB2F0-E4EB-4D76-BEC7-BE9DE2D42CEC}.Debug|Any CPU.Build.0 = Debug|Any CPU
		{9ABDB2F0-E4EB-4D76-BEC7-BE9DE2D42CEC}.Release|Any CPU.ActiveCfg = Release|Any CPU
		{9ABDB2F0-E4EB-4D76-BEC7-BE9DE2D42CEC}.Release|Any CPU.Build.0 = Release|Any CPU
		{29DCBA03-5421-4472-83BD-535F9869072C}.Debug|Any CPU.ActiveCfg = Debug|Any CPU
		{29DCBA03-5421-4472-83BD-535F9869072C}.Debug|Any CPU.Build.0 = Debug|Any CPU
		{29DCBA03-5421-4472-83BD-535F9869072C}.Release|Any CPU.ActiveCfg = Release|Any CPU
		{29DCBA03-5421-4472-83BD-535F9869072C}.Release|Any CPU.Build.0 = Release|Any CPU
		{7C8DA2B1-FE54-4911-BEF4-839CCE2F98DF}.Debug|Any CPU.ActiveCfg = Debug|Any CPU
		{7C8DA2B1-FE54-4911-BEF4-839CCE2F98DF}.Debug|Any CPU.Build.0 = Debug|Any CPU
		{7C8DA2B1-FE54-4911-BEF4-839CCE2F98DF}.Release|Any CPU.ActiveCfg = Release|Any CPU
		{7C8DA2B1-FE54-4911-BEF4-839CCE2F98DF}.Release|Any CPU.Build.0 = Release|Any CPU
		{EC4FB534-DA8F-4D91-A8AC-9B3B2220BEA9}.Debug|Any CPU.ActiveCfg = Debug|Any CPU
		{EC4FB534-DA8F-4D91-A8AC-9B3B2220BEA9}.Debug|Any CPU.Build.0 = Debug|Any CPU
		{EC4FB534-DA8F-4D91-A8AC-9B3B2220BEA9}.Release|Any CPU.ActiveCfg = Release|Any CPU
		{EC4FB534-DA8F-4D91-A8AC-9B3B2220BEA9}.Release|Any CPU.Build.0 = Release|Any CPU
		{39E40D74-FA3A-4D31-88AA-AA53670D7136}.Debug|Any CPU.ActiveCfg = Debug|Any CPU
		{39E40D74-FA3A-4D31-88AA-AA53670D7136}.Debug|Any CPU.Build.0 = Debug|Any CPU
		{39E40D74-FA3A-4D31-88AA-AA53670D7136}.Release|Any CPU.ActiveCfg = Release|Any CPU
		{39E40D74-FA3A-4D31-88AA-AA53670D7136}.Release|Any CPU.Build.0 = Release|Any CPU
		{1E33A8FE-64F6-4FC7-BC4F-089C54D098FB}.Debug|Any CPU.ActiveCfg = Debug|Any CPU
		{1E33A8FE-64F6-4FC7-BC4F-089C54D098FB}.Debug|Any CPU.Build.0 = Debug|Any CPU
		{1E33A8FE-64F6-4FC7-BC4F-089C54D098FB}.Release|Any CPU.ActiveCfg = Release|Any CPU
		{1E33A8FE-64F6-4FC7-BC4F-089C54D098FB}.Release|Any CPU.Build.0 = Release|Any CPU
	EndGlobalSection
	GlobalSection(SolutionProperties) = preSolution
		HideSolutionNode = FALSE
	EndGlobalSection
EndGlobal
