
Microsoft Visual Studio Solution File, Format Version 12.00
# Visual Studio 14
VisualStudioVersion = 14.0.25420.1
MinimumVisualStudioVersion = 10.0.40219.1
Project("{FAE04EC0-301F-11D3-BF4B-00C04F79EFBC}") = "Excellent-Result", "Excellent-Result\Excellent-Result.csproj", "{0DD018B9-EF8E-4636-83D0-26F4ABCED67F}"
EndProject
Project("{FAE04EC0-301F-11D3-BF4B-00C04F79EFBC}") = "Excellent - or -Not", "Excellent - or -Not\Excellent - or -Not.csproj", "{B29034E7-7BAB-40DF-9B87-6B663EEFB18A}"
EndProject
Project("{FAE04EC0-301F-11D3-BF4B-00C04F79EFBC}") = "Even-or-Odd", "Even-or-Odd\Even-or-Odd.csproj", "{DB462D44-A853-40D7-BF80-74FB3A2AAFE0}"
EndProject
Project("{FAE04EC0-301F-11D3-BF4B-00C04F79EFBC}") = "Greater Number", "Greter Number\Greater Number.csproj", "{701AC5F8-B6FC-49A8-B907-456863B24BCD}"
EndProject
Project("{FAE04EC0-301F-11D3-BF4B-00C04F79EFBC}") = "Number (0...9) to Text", "Number (0...9) to Text\Number (0...9) to Text.csproj", "{631EBC4F-01C2-47A0-8491-2C7BAC3E8854}"
EndProject
Project("{FAE04EC0-301F-11D3-BF4B-00C04F79EFBC}") = "Bonus score", "Bonus score\Bonus score.csproj", "{976CF08F-DC54-455F-AA40-FB0EA9B4F19E}"
EndProject
Project("{FAE04EC0-301F-11D3-BF4B-00C04F79EFBC}") = "Sum Seconds", "Sum Seconds\Sum Seconds.csproj", "{160D631F-0FAC-4F1F-AC36-FA3682807325}"
EndProject
Project("{FAE04EC0-301F-11D3-BF4B-00C04F79EFBC}") = "Metric Conveter", "Metric Conveter\Metric Conveter.csproj", "{E9C32DFF-92B7-4A1E-B8CF-34716B94AD9E}"
EndProject
Project("{FAE04EC0-301F-11D3-BF4B-00C04F79EFBC}") = "Currency Converter", "Currency Converter\Currency Converter.csproj", "{06E696EA-A20B-4479-92E2-304087C36619}"
EndProject
Project("{FAE04EC0-301F-11D3-BF4B-00C04F79EFBC}") = "Password", "Password\Password.csproj", "{A77EB8CC-E6A3-4AE3-B310-5E5E321CCFC5}"
EndProject
Project("{FAE04EC0-301F-11D3-BF4B-00C04F79EFBC}") = "100...200", "100...200\100...200.csproj", "{8CD48E2B-67F7-494E-AB95-446806D565F9}"
EndProject
Project("{FAE04EC0-301F-11D3-BF4B-00C04F79EFBC}") = "Equal Words", "Equal Words\Equal Words.csproj", "{0193D635-83E7-4C36-B0E7-095AD3F3129A}"
EndProject
Project("{FAE04EC0-301F-11D3-BF4B-00C04F79EFBC}") = "Speed info", "Speed info\Speed info.csproj", "{23A849A1-550F-41A4-9B79-B13C962FCC5F}"
EndProject
Project("{FAE04EC0-301F-11D3-BF4B-00C04F79EFBC}") = "Area of Figures", "Area of Figures\Area of Figures.csproj", "{5DAB640D-2427-4DE1-895E-D4F32AF9D960}"
EndProject
Project("{FAE04EC0-301F-11D3-BF4B-00C04F79EFBC}") = "Time+ 15 Minutes", "Time+ 15 Minutes\Time+ 15 Minutes.csproj", "{0E16CBAF-BE1D-4CA7-9722-CBFB530E860B}"
EndProject
Project("{FAE04EC0-301F-11D3-BF4B-00C04F79EFBC}") = "3 Equals Numbers", "3 Equals Numbers\3 Equals Numbers.csproj", "{B5700D39-AA96-4015-B654-E11D3ED51552}"
EndProject
Project("{FAE04EC0-301F-11D3-BF4B-00C04F79EFBC}") = "Number 0...to 1000 to Text", "Number 0...to 1000 to Text\Number 0...to 1000 to Text.csproj", "{ACA8EEAD-E751-4B02-9332-5389BC66DBD9}"
EndProject
Project("{FAE04EC0-301F-11D3-BF4B-00C04F79EFBC}") = "Transport", "Transport\Transport.csproj", "{69F119DD-51C1-413F-AF27-72DF0D5AF2DD}"
EndProject
Project("{FAE04EC0-301F-11D3-BF4B-00C04F79EFBC}") = "Currency Converter1", "Currency Converter1\Currency Converter1.csproj", "{7D0E260D-308F-401A-A2B7-93874621B123}"
EndProject
Project("{FAE04EC0-301F-11D3-BF4B-00C04F79EFBC}") = "Задача 02 - Тръби в басейн", "Задача 02 - Тръби в басейн\Задача 02 - Тръби в басейн.csproj", "{54822B78-C9A6-4EB7-9151-0EED5CF991F6}"
EndProject
Global
	GlobalSection(SolutionConfigurationPlatforms) = preSolution
		Debug|Any CPU = Debug|Any CPU
		Release|Any CPU = Release|Any CPU
	EndGlobalSection
	GlobalSection(ProjectConfigurationPlatforms) = postSolution
		{0DD018B9-EF8E-4636-83D0-26F4ABCED67F}.Debug|Any CPU.ActiveCfg = Debug|Any CPU
		{0DD018B9-EF8E-4636-83D0-26F4ABCED67F}.Debug|Any CPU.Build.0 = Debug|Any CPU
		{0DD018B9-EF8E-4636-83D0-26F4ABCED67F}.Release|Any CPU.ActiveCfg = Release|Any CPU
		{0DD018B9-EF8E-4636-83D0-26F4ABCED67F}.Release|Any CPU.Build.0 = Release|Any CPU
		{B29034E7-7BAB-40DF-9B87-6B663EEFB18A}.Debug|Any CPU.ActiveCfg = Debug|Any CPU
		{B29034E7-7BAB-40DF-9B87-6B663EEFB18A}.Debug|Any CPU.Build.0 = Debug|Any CPU
		{B29034E7-7BAB-40DF-9B87-6B663EEFB18A}.Release|Any CPU.ActiveCfg = Release|Any CPU
		{B29034E7-7BAB-40DF-9B87-6B663EEFB18A}.Release|Any CPU.Build.0 = Release|Any CPU
		{DB462D44-A853-40D7-BF80-74FB3A2AAFE0}.Debug|Any CPU.ActiveCfg = Debug|Any CPU
		{DB462D44-A853-40D7-BF80-74FB3A2AAFE0}.Debug|Any CPU.Build.0 = Debug|Any CPU
		{DB462D44-A853-40D7-BF80-74FB3A2AAFE0}.Release|Any CPU.ActiveCfg = Release|Any CPU
		{DB462D44-A853-40D7-BF80-74FB3A2AAFE0}.Release|Any CPU.Build.0 = Release|Any CPU
		{701AC5F8-B6FC-49A8-B907-456863B24BCD}.Debug|Any CPU.ActiveCfg = Debug|Any CPU
		{701AC5F8-B6FC-49A8-B907-456863B24BCD}.Debug|Any CPU.Build.0 = Debug|Any CPU
		{701AC5F8-B6FC-49A8-B907-456863B24BCD}.Release|Any CPU.ActiveCfg = Release|Any CPU
		{701AC5F8-B6FC-49A8-B907-456863B24BCD}.Release|Any CPU.Build.0 = Release|Any CPU
		{631EBC4F-01C2-47A0-8491-2C7BAC3E8854}.Debug|Any CPU.ActiveCfg = Debug|Any CPU
		{631EBC4F-01C2-47A0-8491-2C7BAC3E8854}.Debug|Any CPU.Build.0 = Debug|Any CPU
		{631EBC4F-01C2-47A0-8491-2C7BAC3E8854}.Release|Any CPU.ActiveCfg = Release|Any CPU
		{631EBC4F-01C2-47A0-8491-2C7BAC3E8854}.Release|Any CPU.Build.0 = Release|Any CPU
		{976CF08F-DC54-455F-AA40-FB0EA9B4F19E}.Debug|Any CPU.ActiveCfg = Debug|Any CPU
		{976CF08F-DC54-455F-AA40-FB0EA9B4F19E}.Debug|Any CPU.Build.0 = Debug|Any CPU
		{976CF08F-DC54-455F-AA40-FB0EA9B4F19E}.Release|Any CPU.ActiveCfg = Release|Any CPU
		{976CF08F-DC54-455F-AA40-FB0EA9B4F19E}.Release|Any CPU.Build.0 = Release|Any CPU
		{160D631F-0FAC-4F1F-AC36-FA3682807325}.Debug|Any CPU.ActiveCfg = Debug|Any CPU
		{160D631F-0FAC-4F1F-AC36-FA3682807325}.Debug|Any CPU.Build.0 = Debug|Any CPU
		{160D631F-0FAC-4F1F-AC36-FA3682807325}.Release|Any CPU.ActiveCfg = Release|Any CPU
		{160D631F-0FAC-4F1F-AC36-FA3682807325}.Release|Any CPU.Build.0 = Release|Any CPU
		{E9C32DFF-92B7-4A1E-B8CF-34716B94AD9E}.Debug|Any CPU.ActiveCfg = Debug|Any CPU
		{E9C32DFF-92B7-4A1E-B8CF-34716B94AD9E}.Debug|Any CPU.Build.0 = Debug|Any CPU
		{E9C32DFF-92B7-4A1E-B8CF-34716B94AD9E}.Release|Any CPU.ActiveCfg = Release|Any CPU
		{E9C32DFF-92B7-4A1E-B8CF-34716B94AD9E}.Release|Any CPU.Build.0 = Release|Any CPU
		{06E696EA-A20B-4479-92E2-304087C36619}.Debug|Any CPU.ActiveCfg = Debug|Any CPU
		{06E696EA-A20B-4479-92E2-304087C36619}.Debug|Any CPU.Build.0 = Debug|Any CPU
		{06E696EA-A20B-4479-92E2-304087C36619}.Release|Any CPU.ActiveCfg = Release|Any CPU
		{06E696EA-A20B-4479-92E2-304087C36619}.Release|Any CPU.Build.0 = Release|Any CPU
		{A77EB8CC-E6A3-4AE3-B310-5E5E321CCFC5}.Debug|Any CPU.ActiveCfg = Debug|Any CPU
		{A77EB8CC-E6A3-4AE3-B310-5E5E321CCFC5}.Debug|Any CPU.Build.0 = Debug|Any CPU
		{A77EB8CC-E6A3-4AE3-B310-5E5E321CCFC5}.Release|Any CPU.ActiveCfg = Release|Any CPU
		{A77EB8CC-E6A3-4AE3-B310-5E5E321CCFC5}.Release|Any CPU.Build.0 = Release|Any CPU
		{8CD48E2B-67F7-494E-AB95-446806D565F9}.Debug|Any CPU.ActiveCfg = Debug|Any CPU
		{8CD48E2B-67F7-494E-AB95-446806D565F9}.Debug|Any CPU.Build.0 = Debug|Any CPU
		{8CD48E2B-67F7-494E-AB95-446806D565F9}.Release|Any CPU.ActiveCfg = Release|Any CPU
		{8CD48E2B-67F7-494E-AB95-446806D565F9}.Release|Any CPU.Build.0 = Release|Any CPU
		{0193D635-83E7-4C36-B0E7-095AD3F3129A}.Debug|Any CPU.ActiveCfg = Debug|Any CPU
		{0193D635-83E7-4C36-B0E7-095AD3F3129A}.Debug|Any CPU.Build.0 = Debug|Any CPU
		{0193D635-83E7-4C36-B0E7-095AD3F3129A}.Release|Any CPU.ActiveCfg = Release|Any CPU
		{0193D635-83E7-4C36-B0E7-095AD3F3129A}.Release|Any CPU.Build.0 = Release|Any CPU
		{23A849A1-550F-41A4-9B79-B13C962FCC5F}.Debug|Any CPU.ActiveCfg = Debug|Any CPU
		{23A849A1-550F-41A4-9B79-B13C962FCC5F}.Debug|Any CPU.Build.0 = Debug|Any CPU
		{23A849A1-550F-41A4-9B79-B13C962FCC5F}.Release|Any CPU.ActiveCfg = Release|Any CPU
		{23A849A1-550F-41A4-9B79-B13C962FCC5F}.Release|Any CPU.Build.0 = Release|Any CPU
		{5DAB640D-2427-4DE1-895E-D4F32AF9D960}.Debug|Any CPU.ActiveCfg = Debug|Any CPU
		{5DAB640D-2427-4DE1-895E-D4F32AF9D960}.Debug|Any CPU.Build.0 = Debug|Any CPU
		{5DAB640D-2427-4DE1-895E-D4F32AF9D960}.Release|Any CPU.ActiveCfg = Release|Any CPU
		{5DAB640D-2427-4DE1-895E-D4F32AF9D960}.Release|Any CPU.Build.0 = Release|Any CPU
		{0E16CBAF-BE1D-4CA7-9722-CBFB530E860B}.Debug|Any CPU.ActiveCfg = Debug|Any CPU
		{0E16CBAF-BE1D-4CA7-9722-CBFB530E860B}.Debug|Any CPU.Build.0 = Debug|Any CPU
		{0E16CBAF-BE1D-4CA7-9722-CBFB530E860B}.Release|Any CPU.ActiveCfg = Release|Any CPU
		{0E16CBAF-BE1D-4CA7-9722-CBFB530E860B}.Release|Any CPU.Build.0 = Release|Any CPU
		{B5700D39-AA96-4015-B654-E11D3ED51552}.Debug|Any CPU.ActiveCfg = Debug|Any CPU
		{B5700D39-AA96-4015-B654-E11D3ED51552}.Debug|Any CPU.Build.0 = Debug|Any CPU
		{B5700D39-AA96-4015-B654-E11D3ED51552}.Release|Any CPU.ActiveCfg = Release|Any CPU
		{B5700D39-AA96-4015-B654-E11D3ED51552}.Release|Any CPU.Build.0 = Release|Any CPU
		{ACA8EEAD-E751-4B02-9332-5389BC66DBD9}.Debug|Any CPU.ActiveCfg = Debug|Any CPU
		{ACA8EEAD-E751-4B02-9332-5389BC66DBD9}.Debug|Any CPU.Build.0 = Debug|Any CPU
		{ACA8EEAD-E751-4B02-9332-5389BC66DBD9}.Release|Any CPU.ActiveCfg = Release|Any CPU
		{ACA8EEAD-E751-4B02-9332-5389BC66DBD9}.Release|Any CPU.Build.0 = Release|Any CPU
		{69F119DD-51C1-413F-AF27-72DF0D5AF2DD}.Debug|Any CPU.ActiveCfg = Debug|Any CPU
		{69F119DD-51C1-413F-AF27-72DF0D5AF2DD}.Debug|Any CPU.Build.0 = Debug|Any CPU
		{69F119DD-51C1-413F-AF27-72DF0D5AF2DD}.Release|Any CPU.ActiveCfg = Release|Any CPU
		{69F119DD-51C1-413F-AF27-72DF0D5AF2DD}.Release|Any CPU.Build.0 = Release|Any CPU
		{7D0E260D-308F-401A-A2B7-93874621B123}.Debug|Any CPU.ActiveCfg = Debug|Any CPU
		{7D0E260D-308F-401A-A2B7-93874621B123}.Debug|Any CPU.Build.0 = Debug|Any CPU
		{7D0E260D-308F-401A-A2B7-93874621B123}.Release|Any CPU.ActiveCfg = Release|Any CPU
		{7D0E260D-308F-401A-A2B7-93874621B123}.Release|Any CPU.Build.0 = Release|Any CPU
		{54822B78-C9A6-4EB7-9151-0EED5CF991F6}.Debug|Any CPU.ActiveCfg = Debug|Any CPU
		{54822B78-C9A6-4EB7-9151-0EED5CF991F6}.Debug|Any CPU.Build.0 = Debug|Any CPU
		{54822B78-C9A6-4EB7-9151-0EED5CF991F6}.Release|Any CPU.ActiveCfg = Release|Any CPU
		{54822B78-C9A6-4EB7-9151-0EED5CF991F6}.Release|Any CPU.Build.0 = Release|Any CPU
	EndGlobalSection
	GlobalSection(SolutionProperties) = preSolution
		HideSolutionNode = FALSE
	EndGlobalSection
EndGlobal
